// !$*UTF8*$!
{
	archiveVersion = 1;
	classes = {
	};
	objectVersion = 46;
	objects = {
/* Begin PBXBuildFile section */
		0207DA581B56EA530066E2B4 /* Images.xcassets in Resources */ = {isa = PBXBuildFile; fileRef = 0207DA571B56EA530066E2B4 /* Images.xcassets */; };
		1D3623260D0F684500981E51 /* AppDelegate.m in Sources */ = {isa = PBXBuildFile; fileRef = 1D3623250D0F684500981E51 /* AppDelegate.m */; };
		1D60589B0D05DD56006BFB54 /* main.m in Sources */ = {isa = PBXBuildFile; fileRef = 29B97316FDCFA39411CA2CEA /* main.m */; };
		301BF552109A68D80062928A /* libCordova.a in Frameworks */ = {isa = PBXBuildFile; fileRef = 301BF535109A57CC0062928A /* libCordova.a */; };
		302D95F114D2391D003F00A1 /* MainViewController.m in Sources */ = {isa = PBXBuildFile; fileRef = 302D95EF14D2391D003F00A1 /* MainViewController.m */; };
		302D95F214D2391D003F00A1 /* MainViewController.xib in Resources */ = {isa = PBXBuildFile; fileRef = 302D95F014D2391D003F00A1 /* MainViewController.xib */; };
		3047A5121AB8059700498E2A /* build-debug.xcconfig in Resources */ = {isa = PBXBuildFile; fileRef = 3047A50F1AB8059700498E2A /* build-debug.xcconfig */; };
		3047A5131AB8059700498E2A /* build-release.xcconfig in Resources */ = {isa = PBXBuildFile; fileRef = 3047A5101AB8059700498E2A /* build-release.xcconfig */; };
		3047A5141AB8059700498E2A /* build.xcconfig in Resources */ = {isa = PBXBuildFile; fileRef = 3047A5111AB8059700498E2A /* build.xcconfig */; };
		6AFF5BF91D6E424B00AB3073 /* CDVLaunchScreen.storyboard in Resources */ = {isa = PBXBuildFile; fileRef = 6AFF5BF81D6E424B00AB3073 /* CDVLaunchScreen.storyboard */; };
		3C034A862F124654849EDD18 /* AppDelegate+notification.m in Sources */ = {isa = PBXBuildFile; fileRef = 6991AB5285A94B38B9857C18 /* AppDelegate+notification.m */; };
		C4E93A63E05B4F3994195F78 /* PushPlugin.m in Sources */ = {isa = PBXBuildFile; fileRef = 4D128BBB0AEA42E48DED0445 /* PushPlugin.m */; };
		A0EDD008E7A44FBBB04B19C3 /* libGGLCloudMessaging.a in Frameworks */ = {isa = PBXBuildFile; fileRef = 8DB751613DE440B4909282BF /* libGGLCloudMessaging.a */; };
		DBCCFF92180D4C24B584E188 /* libGGLCore.a in Frameworks */ = {isa = PBXBuildFile; fileRef = 7A7E95C82877455586B4134F /* libGGLCore.a */; };
		B5F00216ADFE4B21B0F74A76 /* libGGLInstanceIDLib.a in Frameworks */ = {isa = PBXBuildFile; fileRef = 512C5D4D9A0E49F1AD2E9D9B /* libGGLInstanceIDLib.a */; };
		80A22C2950E74223B1F21107 /* libGIP_Reachability.a in Frameworks */ = {isa = PBXBuildFile; fileRef = 4B5F05A412704B95B5E6CB9C /* libGIP_Reachability.a */; };
		44C9A7E3CE5A4ED6B2171A48 /* libGSDK_Overload.a in Frameworks */ = {isa = PBXBuildFile; fileRef = F08BFCA1550B4D529E5A64D5 /* libGSDK_Overload.a */; };
		982584B01D27420F8618B958 /* libGTMSessionFetcher_core.a in Frameworks */ = {isa = PBXBuildFile; fileRef = E2BCC27603D54ABBBDA18521 /* libGTMSessionFetcher_core.a */; };
		CC2DC67F1BFF46FBAAD271D9 /* libGTMSessionFetcher_full.a in Frameworks */ = {isa = PBXBuildFile; fileRef = EA919B8A337A4D8FAD3F786C /* libGTMSessionFetcher_full.a */; };
		549D886F56BB4A20BEBBD6BA /* libGTMStackTrace.a in Frameworks */ = {isa = PBXBuildFile; fileRef = E82AA71A2C084640B352843F /* libGTMStackTrace.a */; };
		4C1814B16E11411785CA4C70 /* libGTM_AddressBook.a in Frameworks */ = {isa = PBXBuildFile; fileRef = 3F33AE707F30436C927493E0 /* libGTM_AddressBook.a */; };
		55EF8E93875046959BFB6D46 /* libGTM_DebugUtils.a in Frameworks */ = {isa = PBXBuildFile; fileRef = 371DF87CA730469395A89A18 /* libGTM_DebugUtils.a */; };
		82789643AE8C47A6B27E6792 /* libGTM_GTMURLBuilder.a in Frameworks */ = {isa = PBXBuildFile; fileRef = 34410561A6034FF780840D82 /* libGTM_GTMURLBuilder.a */; };
		8FB2E8447399452CA59CADAD /* libGTM_KVO.a in Frameworks */ = {isa = PBXBuildFile; fileRef = E9D0E44E3350431D87BDDC11 /* libGTM_KVO.a */; };
		A63BDC31B25D4D8BA8942F57 /* libGTM_NSData+zlib.a in Frameworks */ = {isa = PBXBuildFile; fileRef = 348F5A896747490CA1370596 /* libGTM_NSData+zlib.a */; };
		691DE79F237A41CF8D09EC0E /* libGTM_NSDictionary+URLArguments.a in Frameworks */ = {isa = PBXBuildFile; fileRef = D3560E7C976E4665B8C2F20B /* libGTM_NSDictionary+URLArguments.a */; };
		011EAEFD28A149DB93E92139 /* libGTM_NSScannerJSON.a in Frameworks */ = {isa = PBXBuildFile; fileRef = B38CC37C987F479984E0891A /* libGTM_NSScannerJSON.a */; };
		E8207F2077E8493A93EDFB1E /* libGTM_NSStringHTML.a in Frameworks */ = {isa = PBXBuildFile; fileRef = D7E9BA074AA643C8A6A87A06 /* libGTM_NSStringHTML.a */; };
		9347F1FF877149FE8291887D /* libGTM_NSStringXML.a in Frameworks */ = {isa = PBXBuildFile; fileRef = 583BF25BB7F345F089015BD5 /* libGTM_NSStringXML.a */; };
		0E2E8562D4AD47CFB5682571 /* libGTM_Regex.a in Frameworks */ = {isa = PBXBuildFile; fileRef = 6573FE36428D4C3D80D86410 /* libGTM_Regex.a */; };
		892D27C908604A83A48E3463 /* libGTM_RoundedRectPath.a in Frameworks */ = {isa = PBXBuildFile; fileRef = 88E571C021614FE48FA925DA /* libGTM_RoundedRectPath.a */; };
		A5CAEBA87EC64122B83E8E46 /* libGTM_StringEncoding.a in Frameworks */ = {isa = PBXBuildFile; fileRef = 2B164AE98D6841BE83953B58 /* libGTM_StringEncoding.a */; };
		A59ADA8006FB454385085249 /* libGTM_SystemVersion.a in Frameworks */ = {isa = PBXBuildFile; fileRef = 316ED8B7B1C74D15AD0A2038 /* libGTM_SystemVersion.a */; };
		AFAD94395D5C42DD9E937F35 /* libGTM_UIFont+LineHeight.a in Frameworks */ = {isa = PBXBuildFile; fileRef = A46BC6CEE8F34617879F2AF0 /* libGTM_UIFont+LineHeight.a */; };
		37F59F093B6243AA8660BA4A /* libGTM_core.a in Frameworks */ = {isa = PBXBuildFile; fileRef = A6D16F0D839144AA870132C6 /* libGTM_core.a */; };
		D99118D1F1D34D548F07BF79 /* libGTM_iPhone.a in Frameworks */ = {isa = PBXBuildFile; fileRef = BF2E0AA0F4154C2CA255E68F /* libGTM_iPhone.a */; };
		4CC4ABAA3E464284A0994271 /* libGcmLib.a in Frameworks */ = {isa = PBXBuildFile; fileRef = 43B0AE599BD24E4296A7D88D /* libGcmLib.a */; };
		3D18D1576C5641AB9B3B28FF /* libProtocolBuffers.a in Frameworks */ = {isa = PBXBuildFile; fileRef = 8B49F8E0C9D443D4A09D9732 /* libProtocolBuffers.a */; };
		662E42EAB9564C99B3675C1C /* AddressBook.framework in Frameworks */ = {isa = PBXBuildFile; fileRef = 93F0D6AF7AC64C70B2D59018 /* AddressBook.framework */; };
		76552678BCF24B6D85DBE010 /* libsqlite3.tbd in Frameworks */ = {isa = PBXBuildFile; fileRef = E41F05424C2B46DB86F4A804 /* libsqlite3.tbd */; };
		00B2D1B8A9814FFF9130556B /* libz.tbd in Frameworks */ = {isa = PBXBuildFile; fileRef = 2ED7A1A8046C4830B84F2602 /* libz.tbd */; };
		2BFE719A067B47B6A4CF3C1D /* CDVDevice.m in Sources */ = {isa = PBXBuildFile; fileRef = FF9F0B027E824229B6B00E5E /* CDVDevice.m */; };
		4D7431F0A82B4222A862E63B /* CDVNotification.m in Sources */ = {isa = PBXBuildFile; fileRef = 83F43664CBDC4958A2B49EA2 /* CDVNotification.m */; };
		E85AF79C63EC4C69B3D944C7 /* CDVNotification.bundle in Resources */ = {isa = PBXBuildFile; fileRef = 5B533C4B6381407699BC66F8 /* CDVNotification.bundle */; };
		C04295B7F99B48F0A4A78BAB /* AudioToolbox.framework in Frameworks */ = {isa = PBXBuildFile; fileRef = F357038AFA7449F5BD2E2EA7 /* AudioToolbox.framework */; settings = {ATTRIBUTES = (Weak, ); }; };
		DCAEE55A9B994038827B6DAA /* CDVInAppBrowser.m in Sources */ = {isa = PBXBuildFile; fileRef = 322ABA5A794A4F77AB1BB3F1 /* CDVInAppBrowser.m */; };
		5C06024EDED645E09D4694F3 /* CDVConnection.m in Sources */ = {isa = PBXBuildFile; fileRef = B17878967CA9445E81C5E776 /* CDVConnection.m */; };
		ABDF8445B2814B4D91A80B7A /* CDVReachability.m in Sources */ = {isa = PBXBuildFile; fileRef = 051ED69C8CF24225B16C0896 /* CDVReachability.m */; };
		0914BF384A83440FA978E246 /* SystemConfiguration.framework in Frameworks */ = {isa = PBXBuildFile; fileRef = 0886BD78FF34480098FFFE05 /* SystemConfiguration.framework */; settings = {ATTRIBUTES = (Weak, ); }; };
		BE778DF1048B46C0A53AFEC9 /* CoreTelephony.framework in Frameworks */ = {isa = PBXBuildFile; fileRef = 3859F98CE4D8412ABD3A491B /* CoreTelephony.framework */; };
		3B358E2FFB6B46CB80B9178F /* CDVStatusBar.m in Sources */ = {isa = PBXBuildFile; fileRef = DC9857E58DF147F89F7DC1FB /* CDVStatusBar.m */; };
/* End PBXBuildFile section */

/* Begin PBXContainerItemProxy section */
		301BF534109A57CC0062928A /* PBXContainerItemProxy */ = {
			isa = PBXContainerItemProxy;
			containerPortal = 301BF52D109A57CC0062928A /* CordovaLib.xcodeproj */;
			proxyType = 2;
			remoteGlobalIDString = D2AAC07E0554694100DB518D;
			remoteInfo = CordovaLib;
		};
		301BF550109A68C00062928A /* PBXContainerItemProxy */ = {
			isa = PBXContainerItemProxy;
			containerPortal = 301BF52D109A57CC0062928A /* CordovaLib.xcodeproj */;
			proxyType = 1;
			remoteGlobalIDString = D2AAC07D0554694100DB518D;
			remoteInfo = CordovaLib;
		};
/* End PBXContainerItemProxy section */

/* Begin PBXFileReference section */
		0207DA571B56EA530066E2B4 /* Images.xcassets */ = {isa = PBXFileReference; lastKnownFileType = folder.assetcatalog; name = Images.xcassets; path = "Berlanda Project/Images.xcassets"; sourceTree = SOURCE_ROOT; };
		1D3623240D0F684500981E51 /* AppDelegate.h */ = {isa = PBXFileReference; fileEncoding = 4; lastKnownFileType = sourcecode.c.h; path = AppDelegate.h; sourceTree = "<group>"; };
		1D3623250D0F684500981E51 /* AppDelegate.m */ = {isa = PBXFileReference; fileEncoding = 4; lastKnownFileType = sourcecode.c.objc; path = AppDelegate.m; sourceTree = "<group>"; };
		1D6058910D05DD3D006BFB54 /* Berlanda Project.app */ = {isa = PBXFileReference; explicitFileType = wrapper.application; includeInIndex = 0; path = "Berlanda Project.app"; sourceTree = BUILT_PRODUCTS_DIR; };
		29B97316FDCFA39411CA2CEA /* main.m */ = {isa = PBXFileReference; fileEncoding = 4; lastKnownFileType = sourcecode.c.objc; path = main.m; sourceTree = "<group>"; };
		301BF52D109A57CC0062928A /* CordovaLib.xcodeproj */ = {isa = PBXFileReference; lastKnownFileType = "wrapper.pb-project"; name = CordovaLib.xcodeproj; path = CordovaLib/CordovaLib.xcodeproj; sourceTree = "<group>"; };
		301BF56E109A69640062928A /* www */ = {isa = PBXFileReference; lastKnownFileType = folder; path = www; sourceTree = SOURCE_ROOT; };
		302D95EE14D2391D003F00A1 /* MainViewController.h */ = {isa = PBXFileReference; fileEncoding = 4; lastKnownFileType = sourcecode.c.h; path = MainViewController.h; sourceTree = "<group>"; };
		302D95EF14D2391D003F00A1 /* MainViewController.m */ = {isa = PBXFileReference; fileEncoding = 4; lastKnownFileType = sourcecode.c.objc; path = MainViewController.m; sourceTree = "<group>"; };
		302D95F014D2391D003F00A1 /* MainViewController.xib */ = {isa = PBXFileReference; fileEncoding = 4; lastKnownFileType = file.xib; path = MainViewController.xib; sourceTree = "<group>"; };
		3047A50F1AB8059700498E2A /* build-debug.xcconfig */ = {isa = PBXFileReference; fileEncoding = 4; lastKnownFileType = text.xcconfig; name = "build-debug.xcconfig"; path = cordova/build-debug.xcconfig; sourceTree = SOURCE_ROOT; };
		3047A5101AB8059700498E2A /* build-release.xcconfig */ = {isa = PBXFileReference; fileEncoding = 4; lastKnownFileType = text.xcconfig; name = "build-release.xcconfig"; path = cordova/build-release.xcconfig; sourceTree = SOURCE_ROOT; };
		3047A5111AB8059700498E2A /* build.xcconfig */ = {isa = PBXFileReference; fileEncoding = 4; lastKnownFileType = text.xcconfig; name = build.xcconfig; path = cordova/build.xcconfig; sourceTree = SOURCE_ROOT; };
		32CA4F630368D1EE00C91783 /* Berlanda Project-Prefix.pch */ = {isa = PBXFileReference; fileEncoding = 4; lastKnownFileType = sourcecode.c.h; path = "Berlanda Project-Prefix.pch"; sourceTree = "<group>"; };
		6AFF5BF81D6E424B00AB3073 /* CDVLaunchScreen.storyboard */ = {isa = PBXFileReference; fileEncoding = 4; lastKnownFileType = file.storyboard; name = CDVLaunchScreen.storyboard; path = "Berlanda Project/CDVLaunchScreen.storyboard"; sourceTree = SOURCE_ROOT; };
		8D1107310486CEB800E47090 /* Berlanda Project-Info.plist */ = {isa = PBXFileReference; fileEncoding = 4; lastKnownFileType = text.plist.xml; name = "Berlanda Project-Info.plist"; path = "Berlanda Project/Berlanda Project-Info.plist"; plistStructureDefinitionIdentifier = "com.apple.xcode.plist.structure-definition.iphone.info-plist"; sourceTree = SOURCE_ROOT; };
		EB87FDF31871DA8E0020F90C /* www */ = {isa = PBXFileReference; lastKnownFileType = folder; name = www; path = ../../www; sourceTree = "<group>"; };
		EB87FDF41871DAF40020F90C /* config.xml */ = {isa = PBXFileReference; lastKnownFileType = text.xml; name = config.xml; path = ../../config.xml; sourceTree = "<group>"; };
		F840E1F0165FE0F500CFE078 /* config.xml */ = {isa = PBXFileReference; lastKnownFileType = text.xml; name = config.xml; path = "Berlanda Project/config.xml"; sourceTree = "<group>"; };
		ED33DF2A687741AEAF9F8254 /* Bridging-Header.h */ = {isa = PBXFileReference; fileEncoding = 4; lastKnownFileType = sourcecode.c.h; name = "Bridging-Header.h"; path = "Bridging-Header.h"; sourceTree = "<group>"; };
		6991AB5285A94B38B9857C18 /* AppDelegate+notification.m */ = {isa = PBXFileReference; name = "AppDelegate+notification.m"; path = "phonegap-plugin-push/AppDelegate+notification.m"; sourceTree = "<group>"; fileEncoding = 4; lastKnownFileType = sourcecode.c.objc; explicitFileType = undefined; includeInIndex = 0; };
		4D128BBB0AEA42E48DED0445 /* PushPlugin.m */ = {isa = PBXFileReference; name = "PushPlugin.m"; path = "phonegap-plugin-push/PushPlugin.m"; sourceTree = "<group>"; fileEncoding = 4; lastKnownFileType = sourcecode.c.objc; explicitFileType = undefined; includeInIndex = 0; };
		8DB751613DE440B4909282BF /* libGGLCloudMessaging.a */ = {isa = PBXFileReference; name = "libGGLCloudMessaging.a"; path = "Berlanda Project/Plugins/phonegap-plugin-push/GCM/Libraries/libGGLCloudMessaging.a"; sourceTree = "<group>"; fileEncoding = undefined; lastKnownFileType = archive.ar; explicitFileType = undefined; includeInIndex = 0; };
		7A7E95C82877455586B4134F /* libGGLCore.a */ = {isa = PBXFileReference; name = "libGGLCore.a"; path = "Berlanda Project/Plugins/phonegap-plugin-push/GCM/Libraries/libGGLCore.a"; sourceTree = "<group>"; fileEncoding = undefined; lastKnownFileType = archive.ar; explicitFileType = undefined; includeInIndex = 0; };
		512C5D4D9A0E49F1AD2E9D9B /* libGGLInstanceIDLib.a */ = {isa = PBXFileReference; name = "libGGLInstanceIDLib.a"; path = "Berlanda Project/Plugins/phonegap-plugin-push/GCM/Libraries/libGGLInstanceIDLib.a"; sourceTree = "<group>"; fileEncoding = undefined; lastKnownFileType = archive.ar; explicitFileType = undefined; includeInIndex = 0; };
		4B5F05A412704B95B5E6CB9C /* libGIP_Reachability.a */ = {isa = PBXFileReference; name = "libGIP_Reachability.a"; path = "Berlanda Project/Plugins/phonegap-plugin-push/GCM/Libraries/libGIP_Reachability.a"; sourceTree = "<group>"; fileEncoding = undefined; lastKnownFileType = archive.ar; explicitFileType = undefined; includeInIndex = 0; };
		F08BFCA1550B4D529E5A64D5 /* libGSDK_Overload.a */ = {isa = PBXFileReference; name = "libGSDK_Overload.a"; path = "Berlanda Project/Plugins/phonegap-plugin-push/GCM/Libraries/libGSDK_Overload.a"; sourceTree = "<group>"; fileEncoding = undefined; lastKnownFileType = archive.ar; explicitFileType = undefined; includeInIndex = 0; };
		E2BCC27603D54ABBBDA18521 /* libGTMSessionFetcher_core.a */ = {isa = PBXFileReference; name = "libGTMSessionFetcher_core.a"; path = "Berlanda Project/Plugins/phonegap-plugin-push/GCM/Libraries/libGTMSessionFetcher_core.a"; sourceTree = "<group>"; fileEncoding = undefined; lastKnownFileType = archive.ar; explicitFileType = undefined; includeInIndex = 0; };
		EA919B8A337A4D8FAD3F786C /* libGTMSessionFetcher_full.a */ = {isa = PBXFileReference; name = "libGTMSessionFetcher_full.a"; path = "Berlanda Project/Plugins/phonegap-plugin-push/GCM/Libraries/libGTMSessionFetcher_full.a"; sourceTree = "<group>"; fileEncoding = undefined; lastKnownFileType = archive.ar; explicitFileType = undefined; includeInIndex = 0; };
		E82AA71A2C084640B352843F /* libGTMStackTrace.a */ = {isa = PBXFileReference; name = "libGTMStackTrace.a"; path = "Berlanda Project/Plugins/phonegap-plugin-push/GCM/Libraries/libGTMStackTrace.a"; sourceTree = "<group>"; fileEncoding = undefined; lastKnownFileType = archive.ar; explicitFileType = undefined; includeInIndex = 0; };
		3F33AE707F30436C927493E0 /* libGTM_AddressBook.a */ = {isa = PBXFileReference; name = "libGTM_AddressBook.a"; path = "Berlanda Project/Plugins/phonegap-plugin-push/GCM/Libraries/libGTM_AddressBook.a"; sourceTree = "<group>"; fileEncoding = undefined; lastKnownFileType = archive.ar; explicitFileType = undefined; includeInIndex = 0; };
		371DF87CA730469395A89A18 /* libGTM_DebugUtils.a */ = {isa = PBXFileReference; name = "libGTM_DebugUtils.a"; path = "Berlanda Project/Plugins/phonegap-plugin-push/GCM/Libraries/libGTM_DebugUtils.a"; sourceTree = "<group>"; fileEncoding = undefined; lastKnownFileType = archive.ar; explicitFileType = undefined; includeInIndex = 0; };
		34410561A6034FF780840D82 /* libGTM_GTMURLBuilder.a */ = {isa = PBXFileReference; name = "libGTM_GTMURLBuilder.a"; path = "Berlanda Project/Plugins/phonegap-plugin-push/GCM/Libraries/libGTM_GTMURLBuilder.a"; sourceTree = "<group>"; fileEncoding = undefined; lastKnownFileType = archive.ar; explicitFileType = undefined; includeInIndex = 0; };
		E9D0E44E3350431D87BDDC11 /* libGTM_KVO.a */ = {isa = PBXFileReference; name = "libGTM_KVO.a"; path = "Berlanda Project/Plugins/phonegap-plugin-push/GCM/Libraries/libGTM_KVO.a"; sourceTree = "<group>"; fileEncoding = undefined; lastKnownFileType = archive.ar; explicitFileType = undefined; includeInIndex = 0; };
		348F5A896747490CA1370596 /* libGTM_NSData+zlib.a */ = {isa = PBXFileReference; name = "libGTM_NSData+zlib.a"; path = "Berlanda Project/Plugins/phonegap-plugin-push/GCM/Libraries/libGTM_NSData+zlib.a"; sourceTree = "<group>"; fileEncoding = undefined; lastKnownFileType = archive.ar; explicitFileType = undefined; includeInIndex = 0; };
		D3560E7C976E4665B8C2F20B /* libGTM_NSDictionary+URLArguments.a */ = {isa = PBXFileReference; name = "libGTM_NSDictionary+URLArguments.a"; path = "Berlanda Project/Plugins/phonegap-plugin-push/GCM/Libraries/libGTM_NSDictionary+URLArguments.a"; sourceTree = "<group>"; fileEncoding = undefined; lastKnownFileType = archive.ar; explicitFileType = undefined; includeInIndex = 0; };
		B38CC37C987F479984E0891A /* libGTM_NSScannerJSON.a */ = {isa = PBXFileReference; name = "libGTM_NSScannerJSON.a"; path = "Berlanda Project/Plugins/phonegap-plugin-push/GCM/Libraries/libGTM_NSScannerJSON.a"; sourceTree = "<group>"; fileEncoding = undefined; lastKnownFileType = archive.ar; explicitFileType = undefined; includeInIndex = 0; };
		D7E9BA074AA643C8A6A87A06 /* libGTM_NSStringHTML.a */ = {isa = PBXFileReference; name = "libGTM_NSStringHTML.a"; path = "Berlanda Project/Plugins/phonegap-plugin-push/GCM/Libraries/libGTM_NSStringHTML.a"; sourceTree = "<group>"; fileEncoding = undefined; lastKnownFileType = archive.ar; explicitFileType = undefined; includeInIndex = 0; };
		583BF25BB7F345F089015BD5 /* libGTM_NSStringXML.a */ = {isa = PBXFileReference; name = "libGTM_NSStringXML.a"; path = "Berlanda Project/Plugins/phonegap-plugin-push/GCM/Libraries/libGTM_NSStringXML.a"; sourceTree = "<group>"; fileEncoding = undefined; lastKnownFileType = archive.ar; explicitFileType = undefined; includeInIndex = 0; };
		6573FE36428D4C3D80D86410 /* libGTM_Regex.a */ = {isa = PBXFileReference; name = "libGTM_Regex.a"; path = "Berlanda Project/Plugins/phonegap-plugin-push/GCM/Libraries/libGTM_Regex.a"; sourceTree = "<group>"; fileEncoding = undefined; lastKnownFileType = archive.ar; explicitFileType = undefined; includeInIndex = 0; };
		88E571C021614FE48FA925DA /* libGTM_RoundedRectPath.a */ = {isa = PBXFileReference; name = "libGTM_RoundedRectPath.a"; path = "Berlanda Project/Plugins/phonegap-plugin-push/GCM/Libraries/libGTM_RoundedRectPath.a"; sourceTree = "<group>"; fileEncoding = undefined; lastKnownFileType = archive.ar; explicitFileType = undefined; includeInIndex = 0; };
		2B164AE98D6841BE83953B58 /* libGTM_StringEncoding.a */ = {isa = PBXFileReference; name = "libGTM_StringEncoding.a"; path = "Berlanda Project/Plugins/phonegap-plugin-push/GCM/Libraries/libGTM_StringEncoding.a"; sourceTree = "<group>"; fileEncoding = undefined; lastKnownFileType = archive.ar; explicitFileType = undefined; includeInIndex = 0; };
		316ED8B7B1C74D15AD0A2038 /* libGTM_SystemVersion.a */ = {isa = PBXFileReference; name = "libGTM_SystemVersion.a"; path = "Berlanda Project/Plugins/phonegap-plugin-push/GCM/Libraries/libGTM_SystemVersion.a"; sourceTree = "<group>"; fileEncoding = undefined; lastKnownFileType = archive.ar; explicitFileType = undefined; includeInIndex = 0; };
		A46BC6CEE8F34617879F2AF0 /* libGTM_UIFont+LineHeight.a */ = {isa = PBXFileReference; name = "libGTM_UIFont+LineHeight.a"; path = "Berlanda Project/Plugins/phonegap-plugin-push/GCM/Libraries/libGTM_UIFont+LineHeight.a"; sourceTree = "<group>"; fileEncoding = undefined; lastKnownFileType = archive.ar; explicitFileType = undefined; includeInIndex = 0; };
		A6D16F0D839144AA870132C6 /* libGTM_core.a */ = {isa = PBXFileReference; name = "libGTM_core.a"; path = "Berlanda Project/Plugins/phonegap-plugin-push/GCM/Libraries/libGTM_core.a"; sourceTree = "<group>"; fileEncoding = undefined; lastKnownFileType = archive.ar; explicitFileType = undefined; includeInIndex = 0; };
		BF2E0AA0F4154C2CA255E68F /* libGTM_iPhone.a */ = {isa = PBXFileReference; name = "libGTM_iPhone.a"; path = "Berlanda Project/Plugins/phonegap-plugin-push/GCM/Libraries/libGTM_iPhone.a"; sourceTree = "<group>"; fileEncoding = undefined; lastKnownFileType = archive.ar; explicitFileType = undefined; includeInIndex = 0; };
		43B0AE599BD24E4296A7D88D /* libGcmLib.a */ = {isa = PBXFileReference; name = "libGcmLib.a"; path = "Berlanda Project/Plugins/phonegap-plugin-push/GCM/Libraries/libGcmLib.a"; sourceTree = "<group>"; fileEncoding = undefined; lastKnownFileType = archive.ar; explicitFileType = undefined; includeInIndex = 0; };
		8B49F8E0C9D443D4A09D9732 /* libProtocolBuffers.a */ = {isa = PBXFileReference; name = "libProtocolBuffers.a"; path = "Berlanda Project/Plugins/phonegap-plugin-push/GCM/Libraries/libProtocolBuffers.a"; sourceTree = "<group>"; fileEncoding = undefined; lastKnownFileType = archive.ar; explicitFileType = undefined; includeInIndex = 0; };
		5664A2625ED1443CB0477902 /* AppDelegate+notification.h */ = {isa = PBXFileReference; name = "AppDelegate+notification.h"; path = "phonegap-plugin-push/AppDelegate+notification.h"; sourceTree = "<group>"; fileEncoding = 4; lastKnownFileType = sourcecode.c.h; explicitFileType = undefined; includeInIndex = 0; };
		3C675C17D5AF4DD99B9F3CD6 /* PushPlugin.h */ = {isa = PBXFileReference; name = "PushPlugin.h"; path = "phonegap-plugin-push/PushPlugin.h"; sourceTree = "<group>"; fileEncoding = 4; lastKnownFileType = sourcecode.c.h; explicitFileType = undefined; includeInIndex = 0; };
		6C63CDAAB25F489097B93801 /* GGLInstanceID.h */ = {isa = PBXFileReference; name = "GGLInstanceID.h"; path = "phonegap-plugin-push/GCM/Headers/GGLInstanceID.h"; sourceTree = "<group>"; fileEncoding = 4; lastKnownFileType = sourcecode.c.h; explicitFileType = undefined; includeInIndex = 0; };
		B6954D33C07145DA935A3378 /* GGLInstanceIDConfig.h */ = {isa = PBXFileReference; name = "GGLInstanceIDConfig.h"; path = "phonegap-plugin-push/GCM/Headers/GGLInstanceIDConfig.h"; sourceTree = "<group>"; fileEncoding = 4; lastKnownFileType = sourcecode.c.h; explicitFileType = undefined; includeInIndex = 0; };
		603525BEC51D44B19DD7C48A /* GGLInstanceIDDelegate.h */ = {isa = PBXFileReference; name = "GGLInstanceIDDelegate.h"; path = "phonegap-plugin-push/GCM/Headers/GGLInstanceIDDelegate.h"; sourceTree = "<group>"; fileEncoding = 4; lastKnownFileType = sourcecode.c.h; explicitFileType = undefined; includeInIndex = 0; };
		DA58ADAF3B9346EF8D0C5DD7 /* GGLInstanceIDHeaders.h */ = {isa = PBXFileReference; name = "GGLInstanceIDHeaders.h"; path = "phonegap-plugin-push/GCM/Headers/GGLInstanceIDHeaders.h"; sourceTree = "<group>"; fileEncoding = 4; lastKnownFileType = sourcecode.c.h; explicitFileType = undefined; includeInIndex = 0; };
		5DB86A8364514ECC809D7B04 /* CloudMessaging.h */ = {isa = PBXFileReference; name = "CloudMessaging.h"; path = "phonegap-plugin-push/GCM/Headers/CloudMessaging.h"; sourceTree = "<group>"; fileEncoding = 4; lastKnownFileType = sourcecode.c.h; explicitFileType = undefined; includeInIndex = 0; };
		A8E5C2F31B0C45FC82588347 /* GGLContext+CloudMessaging.h */ = {isa = PBXFileReference; name = "GGLContext+CloudMessaging.h"; path = "phonegap-plugin-push/GCM/Headers/GGLContext+CloudMessaging.h"; sourceTree = "<group>"; fileEncoding = 4; lastKnownFileType = sourcecode.c.h; explicitFileType = undefined; includeInIndex = 0; };
		46B10C7ADE2B423082E4C337 /* Core.h */ = {isa = PBXFileReference; name = "Core.h"; path = "phonegap-plugin-push/GCM/Headers/Core.h"; sourceTree = "<group>"; fileEncoding = 4; lastKnownFileType = sourcecode.c.h; explicitFileType = undefined; includeInIndex = 0; };
		B7169B94D8F54BEE9196052D /* GGLConfiguration.h */ = {isa = PBXFileReference; name = "GGLConfiguration.h"; path = "phonegap-plugin-push/GCM/Headers/GGLConfiguration.h"; sourceTree = "<group>"; fileEncoding = 4; lastKnownFileType = sourcecode.c.h; explicitFileType = undefined; includeInIndex = 0; };
		EE2793FC15824BE6B9EE0F8A /* GGLContext.h */ = {isa = PBXFileReference; name = "GGLContext.h"; path = "phonegap-plugin-push/GCM/Headers/GGLContext.h"; sourceTree = "<group>"; fileEncoding = 4; lastKnownFileType = sourcecode.c.h; explicitFileType = undefined; includeInIndex = 0; };
		FCD498056B2747A48D044BE0 /* GGLErrorCode.h */ = {isa = PBXFileReference; name = "GGLErrorCode.h"; path = "phonegap-plugin-push/GCM/Headers/GGLErrorCode.h"; sourceTree = "<group>"; fileEncoding = 4; lastKnownFileType = sourcecode.c.h; explicitFileType = undefined; includeInIndex = 0; };
		517FD7DB0EB64123BF567456 /* GCMConfig.h */ = {isa = PBXFileReference; name = "GCMConfig.h"; path = "phonegap-plugin-push/GCM/Headers/GCMConfig.h"; sourceTree = "<group>"; fileEncoding = 4; lastKnownFileType = sourcecode.c.h; explicitFileType = undefined; includeInIndex = 0; };
		1C99B1CC29D44661B19E142A /* GCMPubSub.h */ = {isa = PBXFileReference; name = "GCMPubSub.h"; path = "phonegap-plugin-push/GCM/Headers/GCMPubSub.h"; sourceTree = "<group>"; fileEncoding = 4; lastKnownFileType = sourcecode.c.h; explicitFileType = undefined; includeInIndex = 0; };
		3351886F16DC4395AA63F479 /* GCMReceiverDelegate.h */ = {isa = PBXFileReference; name = "GCMReceiverDelegate.h"; path = "phonegap-plugin-push/GCM/Headers/GCMReceiverDelegate.h"; sourceTree = "<group>"; fileEncoding = 4; lastKnownFileType = sourcecode.c.h; explicitFileType = undefined; includeInIndex = 0; };
		59F3820BD0C1408690A98FD4 /* GCMService.h */ = {isa = PBXFileReference; name = "GCMService.h"; path = "phonegap-plugin-push/GCM/Headers/GCMService.h"; sourceTree = "<group>"; fileEncoding = 4; lastKnownFileType = sourcecode.c.h; explicitFileType = undefined; includeInIndex = 0; };
		5671E3A06C1248F9A970F32A /* GoogleCloudMessaging.h */ = {isa = PBXFileReference; name = "GoogleCloudMessaging.h"; path = "phonegap-plugin-push/GCM/Headers/GoogleCloudMessaging.h"; sourceTree = "<group>"; fileEncoding = 4; lastKnownFileType = sourcecode.c.h; explicitFileType = undefined; includeInIndex = 0; };
		93F0D6AF7AC64C70B2D59018 /* AddressBook.framework */ = {isa = PBXFileReference; name = "AddressBook.framework"; path = "System/Library/Frameworks/AddressBook.framework"; sourceTree = SDKROOT; fileEncoding = undefined; lastKnownFileType = wrapper.framework; explicitFileType = undefined; includeInIndex = 0; };
		E41F05424C2B46DB86F4A804 /* libsqlite3.tbd */ = {isa = PBXFileReference; name = "libsqlite3.tbd"; path = "usr/lib/libsqlite3.tbd"; sourceTree = SDKROOT; fileEncoding = undefined; lastKnownFileType = sourcecode.text-based-dylib-definition; explicitFileType = undefined; includeInIndex = 0; };
		2ED7A1A8046C4830B84F2602 /* libz.tbd */ = {isa = PBXFileReference; name = "libz.tbd"; path = "usr/lib/libz.tbd"; sourceTree = SDKROOT; fileEncoding = undefined; lastKnownFileType = sourcecode.text-based-dylib-definition; explicitFileType = undefined; includeInIndex = 0; };
		FF9F0B027E824229B6B00E5E /* CDVDevice.m */ = {isa = PBXFileReference; name = "CDVDevice.m"; path = "cordova-plugin-device/CDVDevice.m"; sourceTree = "<group>"; fileEncoding = 4; lastKnownFileType = sourcecode.c.objc; explicitFileType = undefined; includeInIndex = 0; };
		179B7DDD2B9E49ABA25FF0DC /* CDVDevice.h */ = {isa = PBXFileReference; name = "CDVDevice.h"; path = "cordova-plugin-device/CDVDevice.h"; sourceTree = "<group>"; fileEncoding = 4; lastKnownFileType = sourcecode.c.h; explicitFileType = undefined; includeInIndex = 0; };
		83F43664CBDC4958A2B49EA2 /* CDVNotification.m */ = {isa = PBXFileReference; name = "CDVNotification.m"; path = "cordova-plugin-dialogs/CDVNotification.m"; sourceTree = "<group>"; fileEncoding = 4; lastKnownFileType = sourcecode.c.objc; explicitFileType = undefined; includeInIndex = 0; };
		CCD9C65CD3C343C2A3563032 /* CDVNotification.h */ = {isa = PBXFileReference; name = "CDVNotification.h"; path = "cordova-plugin-dialogs/CDVNotification.h"; sourceTree = "<group>"; fileEncoding = 4; lastKnownFileType = sourcecode.c.h; explicitFileType = undefined; includeInIndex = 0; };
		5B533C4B6381407699BC66F8 /* CDVNotification.bundle */ = {isa = PBXFileReference; name = "CDVNotification.bundle"; path = "CDVNotification.bundle"; sourceTree = "<group>"; fileEncoding = undefined; lastKnownFileType = wrapper.plug-in; explicitFileType = undefined; includeInIndex = 0; };
		F357038AFA7449F5BD2E2EA7 /* AudioToolbox.framework */ = {isa = PBXFileReference; name = "AudioToolbox.framework"; path = "System/Library/Frameworks/AudioToolbox.framework"; sourceTree = SDKROOT; fileEncoding = undefined; lastKnownFileType = wrapper.framework; explicitFileType = undefined; includeInIndex = 0; };
		322ABA5A794A4F77AB1BB3F1 /* CDVInAppBrowser.m */ = {isa = PBXFileReference; name = "CDVInAppBrowser.m"; path = "cordova-plugin-inappbrowser/CDVInAppBrowser.m"; sourceTree = "<group>"; fileEncoding = 4; lastKnownFileType = sourcecode.c.objc; explicitFileType = undefined; includeInIndex = 0; };
		CA21050FC11243FFABD5C715 /* CDVInAppBrowser.h */ = {isa = PBXFileReference; name = "CDVInAppBrowser.h"; path = "cordova-plugin-inappbrowser/CDVInAppBrowser.h"; sourceTree = "<group>"; fileEncoding = 4; lastKnownFileType = sourcecode.c.h; explicitFileType = undefined; includeInIndex = 0; };
		B17878967CA9445E81C5E776 /* CDVConnection.m */ = {isa = PBXFileReference; name = "CDVConnection.m"; path = "cordova-plugin-network-information/CDVConnection.m"; sourceTree = "<group>"; fileEncoding = 4; lastKnownFileType = sourcecode.c.objc; explicitFileType = undefined; includeInIndex = 0; };
		051ED69C8CF24225B16C0896 /* CDVReachability.m */ = {isa = PBXFileReference; name = "CDVReachability.m"; path = "cordova-plugin-network-information/CDVReachability.m"; sourceTree = "<group>"; fileEncoding = 4; lastKnownFileType = sourcecode.c.objc; explicitFileType = undefined; includeInIndex = 0; };
		927282630B89432D87EE77A6 /* CDVConnection.h */ = {isa = PBXFileReference; name = "CDVConnection.h"; path = "cordova-plugin-network-information/CDVConnection.h"; sourceTree = "<group>"; fileEncoding = 4; lastKnownFileType = sourcecode.c.h; explicitFileType = undefined; includeInIndex = 0; };
		54B9B2BFDB1C42B4B91498A9 /* CDVReachability.h */ = {isa = PBXFileReference; name = "CDVReachability.h"; path = "cordova-plugin-network-information/CDVReachability.h"; sourceTree = "<group>"; fileEncoding = 4; lastKnownFileType = sourcecode.c.h; explicitFileType = undefined; includeInIndex = 0; };
		0886BD78FF34480098FFFE05 /* SystemConfiguration.framework */ = {isa = PBXFileReference; name = "SystemConfiguration.framework"; path = "System/Library/Frameworks/SystemConfiguration.framework"; sourceTree = SDKROOT; fileEncoding = undefined; lastKnownFileType = wrapper.framework; explicitFileType = undefined; includeInIndex = 0; };
		3859F98CE4D8412ABD3A491B /* CoreTelephony.framework */ = {isa = PBXFileReference; name = "CoreTelephony.framework"; path = "System/Library/Frameworks/CoreTelephony.framework"; sourceTree = SDKROOT; fileEncoding = undefined; lastKnownFileType = wrapper.framework; explicitFileType = undefined; includeInIndex = 0; };
		DC9857E58DF147F89F7DC1FB /* CDVStatusBar.m */ = {isa = PBXFileReference; name = "CDVStatusBar.m"; path = "cordova-plugin-statusbar/CDVStatusBar.m"; sourceTree = "<group>"; fileEncoding = 4; lastKnownFileType = sourcecode.c.objc; explicitFileType = undefined; includeInIndex = 0; };
		DEE6C25D269C4776B00DBF6A /* CDVStatusBar.h */ = {isa = PBXFileReference; name = "CDVStatusBar.h"; path = "cordova-plugin-statusbar/CDVStatusBar.h"; sourceTree = "<group>"; fileEncoding = 4; lastKnownFileType = sourcecode.c.h; explicitFileType = undefined; includeInIndex = 0; };
/* End PBXFileReference section */

/* Begin PBXFrameworksBuildPhase section */
		1D60588F0D05DD3D006BFB54 /* Frameworks */ = {
			isa = PBXFrameworksBuildPhase;
			buildActionMask = 2147483647;
			files = (
				301BF552109A68D80062928A /* libCordova.a in Frameworks */,
				A0EDD008E7A44FBBB04B19C3 /* libGGLCloudMessaging.a in Frameworks */,
				DBCCFF92180D4C24B584E188 /* libGGLCore.a in Frameworks */,
				B5F00216ADFE4B21B0F74A76 /* libGGLInstanceIDLib.a in Frameworks */,
				80A22C2950E74223B1F21107 /* libGIP_Reachability.a in Frameworks */,
				44C9A7E3CE5A4ED6B2171A48 /* libGSDK_Overload.a in Frameworks */,
				982584B01D27420F8618B958 /* libGTMSessionFetcher_core.a in Frameworks */,
				CC2DC67F1BFF46FBAAD271D9 /* libGTMSessionFetcher_full.a in Frameworks */,
				549D886F56BB4A20BEBBD6BA /* libGTMStackTrace.a in Frameworks */,
				4C1814B16E11411785CA4C70 /* libGTM_AddressBook.a in Frameworks */,
				55EF8E93875046959BFB6D46 /* libGTM_DebugUtils.a in Frameworks */,
				82789643AE8C47A6B27E6792 /* libGTM_GTMURLBuilder.a in Frameworks */,
				8FB2E8447399452CA59CADAD /* libGTM_KVO.a in Frameworks */,
				A63BDC31B25D4D8BA8942F57 /* libGTM_NSData+zlib.a in Frameworks */,
				691DE79F237A41CF8D09EC0E /* libGTM_NSDictionary+URLArguments.a in Frameworks */,
				011EAEFD28A149DB93E92139 /* libGTM_NSScannerJSON.a in Frameworks */,
				E8207F2077E8493A93EDFB1E /* libGTM_NSStringHTML.a in Frameworks */,
				9347F1FF877149FE8291887D /* libGTM_NSStringXML.a in Frameworks */,
				0E2E8562D4AD47CFB5682571 /* libGTM_Regex.a in Frameworks */,
				892D27C908604A83A48E3463 /* libGTM_RoundedRectPath.a in Frameworks */,
				A5CAEBA87EC64122B83E8E46 /* libGTM_StringEncoding.a in Frameworks */,
				A59ADA8006FB454385085249 /* libGTM_SystemVersion.a in Frameworks */,
				AFAD94395D5C42DD9E937F35 /* libGTM_UIFont+LineHeight.a in Frameworks */,
				37F59F093B6243AA8660BA4A /* libGTM_core.a in Frameworks */,
				D99118D1F1D34D548F07BF79 /* libGTM_iPhone.a in Frameworks */,
				4CC4ABAA3E464284A0994271 /* libGcmLib.a in Frameworks */,
				3D18D1576C5641AB9B3B28FF /* libProtocolBuffers.a in Frameworks */,
				662E42EAB9564C99B3675C1C /* AddressBook.framework in Frameworks */,
				76552678BCF24B6D85DBE010 /* libsqlite3.tbd in Frameworks */,
				00B2D1B8A9814FFF9130556B /* libz.tbd in Frameworks */,
				C04295B7F99B48F0A4A78BAB /* AudioToolbox.framework in Frameworks */,
				0914BF384A83440FA978E246 /* SystemConfiguration.framework in Frameworks */,
				BE778DF1048B46C0A53AFEC9 /* CoreTelephony.framework in Frameworks */,
			);
			runOnlyForDeploymentPostprocessing = 0;
		};
/* End PBXFrameworksBuildPhase section */

/* Begin PBXGroup section */
		080E96DDFE201D6D7F000001 /* Classes */ = {
			isa = PBXGroup;
			children = (
				302D95EE14D2391D003F00A1 /* MainViewController.h */,
				302D95EF14D2391D003F00A1 /* MainViewController.m */,
				302D95F014D2391D003F00A1 /* MainViewController.xib */,
				1D3623240D0F684500981E51 /* AppDelegate.h */,
				1D3623250D0F684500981E51 /* AppDelegate.m */,
			);
			name = Classes;
			path = "Berlanda Project/Classes";
			sourceTree = SOURCE_ROOT;
		};
		19C28FACFE9D520D11CA2CBB /* Products */ = {
			isa = PBXGroup;
			children = (
				1D6058910D05DD3D006BFB54 /* Berlanda Project.app */,
			);
			name = Products;
			sourceTree = "<group>";
		};
		29B97314FDCFA39411CA2CEA /* CustomTemplate */ = {
			isa = PBXGroup;
			children = (
				EB87FDF41871DAF40020F90C /* config.xml */,
				EB87FDF31871DA8E0020F90C /* www */,
				EB87FDF11871DA420020F90C /* Staging */,
				301BF52D109A57CC0062928A /* CordovaLib.xcodeproj */,
				080E96DDFE201D6D7F000001 /* Classes */,
				307C750510C5A3420062BCA9 /* Plugins */,
				29B97315FDCFA39411CA2CEA /* Other Sources */,
				29B97317FDCFA39411CA2CEA /* Resources */,
				29B97323FDCFA39411CA2CEA /* Frameworks */,
				19C28FACFE9D520D11CA2CBB /* Products */,
			);
			name = CustomTemplate;
			sourceTree = "<group>";
		};
		29B97315FDCFA39411CA2CEA /* Other Sources */ = {
			isa = PBXGroup;
			children = (
				32CA4F630368D1EE00C91783 /* Berlanda Project-Prefix.pch */,
				29B97316FDCFA39411CA2CEA /* main.m */,
				ED33DF2A687741AEAF9F8254 /* Bridging-Header.h */,
			);
			name = "Other Sources";
			path = "Berlanda Project";
			sourceTree = "<group>";
		};
		29B97317FDCFA39411CA2CEA /* Resources */ = {
			isa = PBXGroup;
			children = (
				0207DA571B56EA530066E2B4 /* Images.xcassets */,
				3047A50E1AB8057F00498E2A /* config */,
				8D1107310486CEB800E47090 /* Berlanda Project-Info.plist */,
				6AFF5BF81D6E424B00AB3073 /* CDVLaunchScreen.storyboard */,
				5B533C4B6381407699BC66F8 /* CDVNotification.bundle */,
			);
			name = Resources;
			path = "Berlanda Project/Resources";
			sourceTree = "<group>";
		};
		29B97323FDCFA39411CA2CEA /* Frameworks */ = {
			isa = PBXGroup;
			children = (
				8DB751613DE440B4909282BF /* libGGLCloudMessaging.a */,
				7A7E95C82877455586B4134F /* libGGLCore.a */,
				512C5D4D9A0E49F1AD2E9D9B /* libGGLInstanceIDLib.a */,
				4B5F05A412704B95B5E6CB9C /* libGIP_Reachability.a */,
				F08BFCA1550B4D529E5A64D5 /* libGSDK_Overload.a */,
				E2BCC27603D54ABBBDA18521 /* libGTMSessionFetcher_core.a */,
				EA919B8A337A4D8FAD3F786C /* libGTMSessionFetcher_full.a */,
				E82AA71A2C084640B352843F /* libGTMStackTrace.a */,
				3F33AE707F30436C927493E0 /* libGTM_AddressBook.a */,
				371DF87CA730469395A89A18 /* libGTM_DebugUtils.a */,
				34410561A6034FF780840D82 /* libGTM_GTMURLBuilder.a */,
				E9D0E44E3350431D87BDDC11 /* libGTM_KVO.a */,
				348F5A896747490CA1370596 /* libGTM_NSData+zlib.a */,
				D3560E7C976E4665B8C2F20B /* libGTM_NSDictionary+URLArguments.a */,
				B38CC37C987F479984E0891A /* libGTM_NSScannerJSON.a */,
				D7E9BA074AA643C8A6A87A06 /* libGTM_NSStringHTML.a */,
				583BF25BB7F345F089015BD5 /* libGTM_NSStringXML.a */,
				6573FE36428D4C3D80D86410 /* libGTM_Regex.a */,
				88E571C021614FE48FA925DA /* libGTM_RoundedRectPath.a */,
				2B164AE98D6841BE83953B58 /* libGTM_StringEncoding.a */,
				316ED8B7B1C74D15AD0A2038 /* libGTM_SystemVersion.a */,
				A46BC6CEE8F34617879F2AF0 /* libGTM_UIFont+LineHeight.a */,
				A6D16F0D839144AA870132C6 /* libGTM_core.a */,
				BF2E0AA0F4154C2CA255E68F /* libGTM_iPhone.a */,
				43B0AE599BD24E4296A7D88D /* libGcmLib.a */,
				8B49F8E0C9D443D4A09D9732 /* libProtocolBuffers.a */,
				93F0D6AF7AC64C70B2D59018 /* AddressBook.framework */,
				E41F05424C2B46DB86F4A804 /* libsqlite3.tbd */,
				2ED7A1A8046C4830B84F2602 /* libz.tbd */,
				F357038AFA7449F5BD2E2EA7 /* AudioToolbox.framework */,
				0886BD78FF34480098FFFE05 /* SystemConfiguration.framework */,
				3859F98CE4D8412ABD3A491B /* CoreTelephony.framework */,
			);
			name = Frameworks;
			sourceTree = "<group>";
		};
		301BF52E109A57CC0062928A /* Products */ = {
			isa = PBXGroup;
			children = (
				301BF535109A57CC0062928A /* libCordova.a */,
			);
			name = Products;
			sourceTree = "<group>";
		};
		3047A50E1AB8057F00498E2A /* config */ = {
			isa = PBXGroup;
			children = (
				3047A50F1AB8059700498E2A /* build-debug.xcconfig */,
				3047A5101AB8059700498E2A /* build-release.xcconfig */,
				3047A5111AB8059700498E2A /* build.xcconfig */,
			);
			name = config;
			sourceTree = "<group>";
		};
		307C750510C5A3420062BCA9 /* Plugins */ = {
			isa = PBXGroup;
			children = (
				6991AB5285A94B38B9857C18 /* AppDelegate+notification.m */,
				4D128BBB0AEA42E48DED0445 /* PushPlugin.m */,
				5664A2625ED1443CB0477902 /* AppDelegate+notification.h */,
				3C675C17D5AF4DD99B9F3CD6 /* PushPlugin.h */,
				6C63CDAAB25F489097B93801 /* GGLInstanceID.h */,
				B6954D33C07145DA935A3378 /* GGLInstanceIDConfig.h */,
				603525BEC51D44B19DD7C48A /* GGLInstanceIDDelegate.h */,
				DA58ADAF3B9346EF8D0C5DD7 /* GGLInstanceIDHeaders.h */,
				5DB86A8364514ECC809D7B04 /* CloudMessaging.h */,
				A8E5C2F31B0C45FC82588347 /* GGLContext+CloudMessaging.h */,
				46B10C7ADE2B423082E4C337 /* Core.h */,
				B7169B94D8F54BEE9196052D /* GGLConfiguration.h */,
				EE2793FC15824BE6B9EE0F8A /* GGLContext.h */,
				FCD498056B2747A48D044BE0 /* GGLErrorCode.h */,
				517FD7DB0EB64123BF567456 /* GCMConfig.h */,
				1C99B1CC29D44661B19E142A /* GCMPubSub.h */,
				3351886F16DC4395AA63F479 /* GCMReceiverDelegate.h */,
				59F3820BD0C1408690A98FD4 /* GCMService.h */,
				5671E3A06C1248F9A970F32A /* GoogleCloudMessaging.h */,
				FF9F0B027E824229B6B00E5E /* CDVDevice.m */,
				179B7DDD2B9E49ABA25FF0DC /* CDVDevice.h */,
				83F43664CBDC4958A2B49EA2 /* CDVNotification.m */,
				CCD9C65CD3C343C2A3563032 /* CDVNotification.h */,
				322ABA5A794A4F77AB1BB3F1 /* CDVInAppBrowser.m */,
				CA21050FC11243FFABD5C715 /* CDVInAppBrowser.h */,
				B17878967CA9445E81C5E776 /* CDVConnection.m */,
				051ED69C8CF24225B16C0896 /* CDVReachability.m */,
				927282630B89432D87EE77A6 /* CDVConnection.h */,
				54B9B2BFDB1C42B4B91498A9 /* CDVReachability.h */,
				DC9857E58DF147F89F7DC1FB /* CDVStatusBar.m */,
				DEE6C25D269C4776B00DBF6A /* CDVStatusBar.h */,
			);
			name = Plugins;
			path = "Berlanda Project/Plugins";
			sourceTree = SOURCE_ROOT;
		};
		EB87FDF11871DA420020F90C /* Staging */ = {
			isa = PBXGroup;
			children = (
				F840E1F0165FE0F500CFE078 /* config.xml */,
				301BF56E109A69640062928A /* www */,
			);
			name = Staging;
			sourceTree = "<group>";
		};
/* End PBXGroup section */

/* Begin PBXNativeTarget section */
		1D6058900D05DD3D006BFB54 /* Berlanda Project */ = {
			isa = PBXNativeTarget;
			buildConfigurationList = 1D6058960D05DD3E006BFB54 /* Build configuration list for PBXNativeTarget "Berlanda Project" */;
			buildPhases = (
				304B58A110DAC018002A0835 /* Copy www directory */,
				1D60588D0D05DD3D006BFB54 /* Resources */,
				1D60588E0D05DD3D006BFB54 /* Sources */,
				1D60588F0D05DD3D006BFB54 /* Frameworks */,
			);
			buildRules = (
			);
			dependencies = (
				301BF551109A68C00062928A /* PBXTargetDependency */,
			);
			name = "Berlanda Project";
			productName = "Berlanda Project";
			productReference = 1D6058910D05DD3D006BFB54 /* Berlanda Project.app */;
			productType = "com.apple.product-type.application";
		};
/* End PBXNativeTarget section */

/* Begin PBXProject section */
		29B97313FDCFA39411CA2CEA /* Project object */ = {
			isa = PBXProject;
			attributes = {
				LastUpgradeCheck = 510;
			};
			buildConfigurationList = C01FCF4E08A954540054247B /* Build configuration list for PBXProject "__NON-CLI__" */;
			compatibilityVersion = "Xcode 3.2";
			developmentRegion = English;
			hasScannedForEncodings = 1;
			mainGroup = 29B97314FDCFA39411CA2CEA /* CustomTemplate */;
			projectDirPath = "";
			projectReferences = (
				{
					ProductGroup = 301BF52E109A57CC0062928A /* Products */;
					ProjectRef = 301BF52D109A57CC0062928A /* CordovaLib.xcodeproj */;
				},
			);
			projectRoot = "";
			targets = (
				1D6058900D05DD3D006BFB54 /* Berlanda Project */,
			);
		};
/* End PBXProject section */

/* Begin PBXReferenceProxy section */
		301BF535109A57CC0062928A /* libCordova.a */ = {
			isa = PBXReferenceProxy;
			fileType = archive.ar;
			path = libCordova.a;
			remoteRef = 301BF534109A57CC0062928A /* PBXContainerItemProxy */;
			sourceTree = BUILT_PRODUCTS_DIR;
		};
/* End PBXReferenceProxy section */

/* Begin PBXResourcesBuildPhase section */
		1D60588D0D05DD3D006BFB54 /* Resources */ = {
			isa = PBXResourcesBuildPhase;
			buildActionMask = 2147483647;
			files = (
				302D95F214D2391D003F00A1 /* MainViewController.xib in Resources */,
				0207DA581B56EA530066E2B4 /* Images.xcassets in Resources */,
				6AFF5BF91D6E424B00AB3073 /* CDVLaunchScreen.storyboard in Resources */,
				E85AF79C63EC4C69B3D944C7 /* CDVNotification.bundle in Resources */,
			);
			runOnlyForDeploymentPostprocessing = 0;
		};
/* End PBXResourcesBuildPhase section */

/* Begin PBXShellScriptBuildPhase section */
		304B58A110DAC018002A0835 /* Copy www directory */ = {
			isa = PBXShellScriptBuildPhase;
			buildActionMask = 2147483647;
			files = (
			);
			inputPaths = (
			);
			name = "Copy www directory";
			outputPaths = (
			);
			runOnlyForDeploymentPostprocessing = 0;
			shellPath = /bin/sh;
			shellScript = "NODEJS_PATH=/usr/local/bin; NVM_NODE_PATH=~/.nvm/versions/node/`nvm version 2>/dev/null`/bin; N_NODE_PATH=`find /usr/local/n/versions/node/* -maxdepth 0 -type d 2>/dev/null | tail -1`/bin; XCODE_NODE_PATH=`xcode-select --print-path`/usr/share/xcs/Node/bin; PATH=$NODEJS_PATH:$NVM_NODE_PATH:$N_NODE_PATH:$XCODE_NODE_PATH:$PATH && node cordova/lib/copy-www-build-step.js";
			showEnvVarsInLog = 0;
		};
/* End PBXShellScriptBuildPhase section */

/* Begin PBXSourcesBuildPhase section */
		1D60588E0D05DD3D006BFB54 /* Sources */ = {
			isa = PBXSourcesBuildPhase;
			buildActionMask = 2147483647;
			files = (
				1D60589B0D05DD56006BFB54 /* main.m in Sources */,
				1D3623260D0F684500981E51 /* AppDelegate.m in Sources */,
				302D95F114D2391D003F00A1 /* MainViewController.m in Sources */,
				3C034A862F124654849EDD18 /* AppDelegate+notification.m in Sources */,
				C4E93A63E05B4F3994195F78 /* PushPlugin.m in Sources */,
				2BFE719A067B47B6A4CF3C1D /* CDVDevice.m in Sources */,
				4D7431F0A82B4222A862E63B /* CDVNotification.m in Sources */,
				DCAEE55A9B994038827B6DAA /* CDVInAppBrowser.m in Sources */,
				5C06024EDED645E09D4694F3 /* CDVConnection.m in Sources */,
				ABDF8445B2814B4D91A80B7A /* CDVReachability.m in Sources */,
				3B358E2FFB6B46CB80B9178F /* CDVStatusBar.m in Sources */,
			);
			runOnlyForDeploymentPostprocessing = 0;
		};
/* End PBXSourcesBuildPhase section */

/* Begin PBXTargetDependency section */
		301BF551109A68C00062928A /* PBXTargetDependency */ = {
			isa = PBXTargetDependency;
			name = CordovaLib;
			targetProxy = 301BF550109A68C00062928A /* PBXContainerItemProxy */;
		};
/* End PBXTargetDependency section */

/* Begin XCBuildConfiguration section */
		1D6058940D05DD3E006BFB54 /* Debug */ = {
			isa = XCBuildConfiguration;
			baseConfigurationReference = 3047A50F1AB8059700498E2A /* build-debug.xcconfig */;
			buildSettings = {
				ALWAYS_SEARCH_USER_PATHS = NO;
				ASSETCATALOG_COMPILER_APPICON_NAME = AppIcon;
				ASSETCATALOG_COMPILER_LAUNCHIMAGE_NAME = LaunchImage;
				CLANG_ENABLE_MODULES = YES;
				CLANG_ENABLE_OBJC_ARC = YES;
				COPY_PHASE_STRIP = NO;
				GCC_DYNAMIC_NO_PIC = NO;
				GCC_OPTIMIZATION_LEVEL = 0;
				GCC_PRECOMPILE_PREFIX_HEADER = YES;
				GCC_PREFIX_HEADER = "Berlanda Project/Berlanda Project-Prefix.pch";
				GCC_THUMB_SUPPORT = NO;
				GCC_VERSION = "";
				INFOPLIST_FILE = "Berlanda Project/Berlanda Project-Info.plist";
				IPHONEOS_DEPLOYMENT_TARGET = 8.0;
				LD_RUNPATH_SEARCH_PATHS = "@executable_path/Frameworks";
				TARGETED_DEVICE_FAMILY = "1,2";
				PRODUCT_NAME = "Berlanda Project";
				LIBRARY_SEARCH_PATHS = (
					"$(inherited)",
					"\"$(SRCROOT)/Berlanda Project/Plugins/phonegap-plugin-push/GCM/Libraries\"",
					"\"$(SRCROOT)/Berlanda Project/Plugins/phonegap-plugin-push/GCM/Libraries\"",
					"\"$(SRCROOT)/Berlanda Project/Plugins/phonegap-plugin-push/GCM/Libraries\"",
					"\"$(SRCROOT)/Berlanda Project/Plugins/phonegap-plugin-push/GCM/Libraries\"",
					"\"$(SRCROOT)/Berlanda Project/Plugins/phonegap-plugin-push/GCM/Libraries\"",
					"\"$(SRCROOT)/Berlanda Project/Plugins/phonegap-plugin-push/GCM/Libraries\"",
					"\"$(SRCROOT)/Berlanda Project/Plugins/phonegap-plugin-push/GCM/Libraries\"",
					"\"$(SRCROOT)/Berlanda Project/Plugins/phonegap-plugin-push/GCM/Libraries\"",
					"\"$(SRCROOT)/Berlanda Project/Plugins/phonegap-plugin-push/GCM/Libraries\"",
					"\"$(SRCROOT)/Berlanda Project/Plugins/phonegap-plugin-push/GCM/Libraries\"",
					"\"$(SRCROOT)/Berlanda Project/Plugins/phonegap-plugin-push/GCM/Libraries\"",
					"\"$(SRCROOT)/Berlanda Project/Plugins/phonegap-plugin-push/GCM/Libraries\"",
					"\"$(SRCROOT)/Berlanda Project/Plugins/phonegap-plugin-push/GCM/Libraries\"",
					"\"$(SRCROOT)/Berlanda Project/Plugins/phonegap-plugin-push/GCM/Libraries\"",
					"\"$(SRCROOT)/Berlanda Project/Plugins/phonegap-plugin-push/GCM/Libraries\"",
					"\"$(SRCROOT)/Berlanda Project/Plugins/phonegap-plugin-push/GCM/Libraries\"",
					"\"$(SRCROOT)/Berlanda Project/Plugins/phonegap-plugin-push/GCM/Libraries\"",
					"\"$(SRCROOT)/Berlanda Project/Plugins/phonegap-plugin-push/GCM/Libraries\"",
					"\"$(SRCROOT)/Berlanda Project/Plugins/phonegap-plugin-push/GCM/Libraries\"",
					"\"$(SRCROOT)/Berlanda Project/Plugins/phonegap-plugin-push/GCM/Libraries\"",
					"\"$(SRCROOT)/Berlanda Project/Plugins/phonegap-plugin-push/GCM/Libraries\"",
					"\"$(SRCROOT)/Berlanda Project/Plugins/phonegap-plugin-push/GCM/Libraries\"",
					"\"$(SRCROOT)/Berlanda Project/Plugins/phonegap-plugin-push/GCM/Libraries\"",
					"\"$(SRCROOT)/Berlanda Project/Plugins/phonegap-plugin-push/GCM/Libraries\"",
					"\"$(SRCROOT)/Berlanda Project/Plugins/phonegap-plugin-push/GCM/Libraries\"",
					"\"$(SRCROOT)/Berlanda Project/Plugins/phonegap-plugin-push/GCM/Libraries\"",
				);
			};
			name = Debug;
		};
		1D6058950D05DD3E006BFB54 /* Release */ = {
			isa = XCBuildConfiguration;
			baseConfigurationReference = 3047A5101AB8059700498E2A /* build-release.xcconfig */;
			buildSettings = {
				ALWAYS_SEARCH_USER_PATHS = NO;
				ASSETCATALOG_COMPILER_APPICON_NAME = AppIcon;
				ASSETCATALOG_COMPILER_LAUNCHIMAGE_NAME = LaunchImage;
				CLANG_ENABLE_MODULES = YES;
				CLANG_ENABLE_OBJC_ARC = YES;
				COPY_PHASE_STRIP = YES;
				GCC_PRECOMPILE_PREFIX_HEADER = YES;
				GCC_PREFIX_HEADER = "Berlanda Project/Berlanda Project-Prefix.pch";
				GCC_THUMB_SUPPORT = NO;
				GCC_VERSION = "";
				INFOPLIST_FILE = "Berlanda Project/Berlanda Project-Info.plist";
				IPHONEOS_DEPLOYMENT_TARGET = 8.0;
				LD_RUNPATH_SEARCH_PATHS = "@executable_path/Frameworks";
				TARGETED_DEVICE_FAMILY = "1,2";
				PRODUCT_NAME = "Berlanda Project";
				LIBRARY_SEARCH_PATHS = (
					"$(inherited)",
					"\"$(SRCROOT)/Berlanda Project/Plugins/phonegap-plugin-push/GCM/Libraries\"",
					"\"$(SRCROOT)/Berlanda Project/Plugins/phonegap-plugin-push/GCM/Libraries\"",
					"\"$(SRCROOT)/Berlanda Project/Plugins/phonegap-plugin-push/GCM/Libraries\"",
					"\"$(SRCROOT)/Berlanda Project/Plugins/phonegap-plugin-push/GCM/Libraries\"",
					"\"$(SRCROOT)/Berlanda Project/Plugins/phonegap-plugin-push/GCM/Libraries\"",
					"\"$(SRCROOT)/Berlanda Project/Plugins/phonegap-plugin-push/GCM/Libraries\"",
					"\"$(SRCROOT)/Berlanda Project/Plugins/phonegap-plugin-push/GCM/Libraries\"",
					"\"$(SRCROOT)/Berlanda Project/Plugins/phonegap-plugin-push/GCM/Libraries\"",
					"\"$(SRCROOT)/Berlanda Project/Plugins/phonegap-plugin-push/GCM/Libraries\"",
					"\"$(SRCROOT)/Berlanda Project/Plugins/phonegap-plugin-push/GCM/Libraries\"",
					"\"$(SRCROOT)/Berlanda Project/Plugins/phonegap-plugin-push/GCM/Libraries\"",
					"\"$(SRCROOT)/Berlanda Project/Plugins/phonegap-plugin-push/GCM/Libraries\"",
					"\"$(SRCROOT)/Berlanda Project/Plugins/phonegap-plugin-push/GCM/Libraries\"",
					"\"$(SRCROOT)/Berlanda Project/Plugins/phonegap-plugin-push/GCM/Libraries\"",
					"\"$(SRCROOT)/Berlanda Project/Plugins/phonegap-plugin-push/GCM/Libraries\"",
					"\"$(SRCROOT)/Berlanda Project/Plugins/phonegap-plugin-push/GCM/Libraries\"",
					"\"$(SRCROOT)/Berlanda Project/Plugins/phonegap-plugin-push/GCM/Libraries\"",
					"\"$(SRCROOT)/Berlanda Project/Plugins/phonegap-plugin-push/GCM/Libraries\"",
					"\"$(SRCROOT)/Berlanda Project/Plugins/phonegap-plugin-push/GCM/Libraries\"",
					"\"$(SRCROOT)/Berlanda Project/Plugins/phonegap-plugin-push/GCM/Libraries\"",
					"\"$(SRCROOT)/Berlanda Project/Plugins/phonegap-plugin-push/GCM/Libraries\"",
					"\"$(SRCROOT)/Berlanda Project/Plugins/phonegap-plugin-push/GCM/Libraries\"",
					"\"$(SRCROOT)/Berlanda Project/Plugins/phonegap-plugin-push/GCM/Libraries\"",
					"\"$(SRCROOT)/Berlanda Project/Plugins/phonegap-plugin-push/GCM/Libraries\"",
					"\"$(SRCROOT)/Berlanda Project/Plugins/phonegap-plugin-push/GCM/Libraries\"",
					"\"$(SRCROOT)/Berlanda Project/Plugins/phonegap-plugin-push/GCM/Libraries\"",
				);
			};
			name = Release;
		};
		C01FCF4F08A954540054247B /* Debug */ = {
			isa = XCBuildConfiguration;
			baseConfigurationReference = 3047A5111AB8059700498E2A /* build.xcconfig */;
			buildSettings = {
				CLANG_ENABLE_MODULES = YES;
				CLANG_ENABLE_OBJC_ARC = YES;
				CLANG_WARN_BOOL_CONVERSION = YES;
				CLANG_WARN_CONSTANT_CONVERSION = YES;
				CLANG_WARN_EMPTY_BODY = YES;
				CLANG_WARN_ENUM_CONVERSION = YES;
				CLANG_WARN_INT_CONVERSION = YES;
				CLANG_WARN__DUPLICATE_METHOD_MATCH = YES;
				GCC_C_LANGUAGE_STANDARD = c99;
				GCC_THUMB_SUPPORT = NO;
				GCC_VERSION = "";
				GCC_WARN_ABOUT_RETURN_TYPE = YES;
				GCC_WARN_UNDECLARED_SELECTOR = YES;
				GCC_WARN_UNINITIALIZED_AUTOS = YES;
				GCC_WARN_UNUSED_FUNCTION = YES;
				GCC_WARN_UNUSED_VARIABLE = YES;
				ONLY_ACTIVE_ARCH = YES;
				SDKROOT = iphoneos;
				SKIP_INSTALL = NO;
				TARGETED_DEVICE_FAMILY = "1,2";
				ASSETCATALOG_COMPILER_LAUNCHIMAGE_NAME = LaunchImage;
			};
			name = Debug;
		};
		C01FCF5008A954540054247B /* Release */ = {
			isa = XCBuildConfiguration;
			baseConfigurationReference = 3047A5111AB8059700498E2A /* build.xcconfig */;
			buildSettings = {
				CLANG_ENABLE_MODULES = YES;
				CLANG_ENABLE_OBJC_ARC = YES;
				CLANG_WARN_BOOL_CONVERSION = YES;
				CLANG_WARN_CONSTANT_CONVERSION = YES;
				CLANG_WARN_EMPTY_BODY = YES;
				CLANG_WARN_ENUM_CONVERSION = YES;
				CLANG_WARN_INT_CONVERSION = YES;
				CLANG_WARN__DUPLICATE_METHOD_MATCH = YES;
				GCC_C_LANGUAGE_STANDARD = c99;
				GCC_THUMB_SUPPORT = NO;
				GCC_VERSION = "";
				GCC_WARN_ABOUT_RETURN_TYPE = YES;
				GCC_WARN_UNDECLARED_SELECTOR = YES;
				GCC_WARN_UNINITIALIZED_AUTOS = YES;
				GCC_WARN_UNUSED_FUNCTION = YES;
				GCC_WARN_UNUSED_VARIABLE = YES;
				SDKROOT = iphoneos;
				SKIP_INSTALL = NO;
				TARGETED_DEVICE_FAMILY = "1,2";
				ASSETCATALOG_COMPILER_LAUNCHIMAGE_NAME = LaunchImage;
			};
			name = Release;
		};
/* End XCBuildConfiguration section */

/* Begin XCConfigurationList section */
		1D6058960D05DD3E006BFB54 /* Build configuration list for PBXNativeTarget "Berlanda Project" */ = {
			isa = XCConfigurationList;
			buildConfigurations = (
				1D6058940D05DD3E006BFB54 /* Debug */,
				1D6058950D05DD3E006BFB54 /* Release */,
			);
			defaultConfigurationIsVisible = 0;
			defaultConfigurationName = Release;
		};
		C01FCF4E08A954540054247B /* Build configuration list for PBXProject "__NON-CLI__" */ = {
			isa = XCConfigurationList;
			buildConfigurations = (
				C01FCF4F08A954540054247B /* Debug */,
				C01FCF5008A954540054247B /* Release */,
			);
			defaultConfigurationIsVisible = 0;
			defaultConfigurationName = Release;
		};
/* End XCConfigurationList section */
	};
	rootObject = 29B97313FDCFA39411CA2CEA /* Project object */;
}
